# THIS IS AN AUTOGENERATED FILE. DO NOT EDIT THIS FILE DIRECTLY.
# yarn lockfile v1


"@glennsl/bs-json@^4.0.0":
  version "4.0.0"
  resolved "https://registry.yarnpkg.com/@glennsl/bs-json/-/bs-json-4.0.0.tgz#f057d0d1d84d614e27d8bbb67b64e6b6727f24b2"
  integrity sha512-nunb6+cZcx7pyooh8i4froogXumOOiFb7rF3bz6E9X7b3Dc+3/HGwpnUjxciFN8eQL4QC+MskzG1tG+Ci1aJxA==

async-limiter@^1.0.0:
  version "1.0.0"
  resolved "https://registry.yarnpkg.com/async-limiter/-/async-limiter-1.0.0.tgz#78faed8c3d074ab81f22b4e985d79e8738f720f8"
  integrity sha512-jp/uFnooOiO+L211eZOoSyzpOITMXx1rBITauYykG3BRYPu8h0UcxsPNB04RR5vo4Tyz3+ay17tR6JVf9qzYWg==

bs-platform@^5.0.4:
  version "5.0.4"
  resolved "https://registry.yarnpkg.com/bs-platform/-/bs-platform-5.0.4.tgz#d406ef43c12d1b19d8546884d8b5b4e0fb709372"
  integrity sha512-rXM+ztN8wYXQ4ojfFGylvPOf8GRLOvM94QJsMMV9VpsLChKCjesWMNybTZvpoyNsESu2nC5q+C9soG+BPhuUFQ==

ws@^7.0.1:
  version "7.0.1"
  resolved "https://registry.yarnpkg.com/ws/-/ws-7.0.1.tgz#1a04e86cc3a57c03783f4910fdb090cf31b8e165"
  integrity sha512-ILHfMbuqLJvnSgYXLgy4kMntroJpe8hT41dOVWM8bxRuw6TK4mgMp9VJUNsZTEc5Bh+Mbs0DJT4M0N+wBG9l9A==
  dependencies:
    async-limiter "^1.0.0"
